
Microsoft Visual Studio Solution File, Format Version 12.00
# Visual Studio Version 17
VisualStudioVersion = 17.5.33424.131
MinimumVisualStudioVersion = 10.0.40219.1
Project("{FAE04EC0-301F-11D3-BF4B-00C04F79EFBC}") = "ProjectManager", "ProjectManager\ProjectManager.csproj", "{5F51C48E-8BB1-49DF-B49D-CB93CA790FCB}"
EndProject
Global
	GlobalSection(SolutionConfigurationPlatforms) = preSolution
		Debug|Any CPU = Debug|Any CPU
		Release|Any CPU = Release|Any CPU
	EndGlobalSection
	GlobalSection(ProjectConfigurationPlatforms) = postSolution
		{5F51C48E-8BB1-49DF-B49D-CB93CA790FCB}.Debug|Any CPU.ActiveCfg = Debug|Any CPU
		{5F51C48E-8BB1-49DF-B49D-CB93CA790FCB}.Debug|Any CPU.Build.0 = Debug|Any CPU
		{5F51C48E-8BB1-49DF-B49D-CB93CA790FCB}.Release|Any CPU.ActiveCfg = Release|Any CPU
		{5F51C48E-8BB1-49DF-B49D-CB93CA790FCB}.Release|Any CPU.Build.0 = Release|Any CPU
	EndGlobalSection
	GlobalSection(SolutionProperties) = preSolution
		HideSolutionNode = FALSE
	EndGlobalSection
	GlobalSection(ExtensibilityGlobals) = postSolution
		SolutionGuid = {A372B82E-CDAC-4F41-B02C-41029C2A8D97}
	EndGlobalSection
EndGlobal
